
Microsoft Visual Studio Solution File, Format Version 12.00
# Visual Studio 15
VisualStudioVersion = 15.0.28307.489
MinimumVisualStudioVersion = 10.0.40219.1
Project("{FAE04EC0-301F-11D3-BF4B-00C04F79EFBC}") = "App1.Android", "App1\App1.Android\App1.Android.csproj", "{3F5A885D-2937-46C0-B542-7B73452D8BBA}"
EndProject
Project("{FAE04EC0-301F-11D3-BF4B-00C04F79EFBC}") = "App1.iOS", "App1\App1.iOS\App1.iOS.csproj", "{A8256A89-5439-49BE-B522-B7AC8B9A86DA}"
EndProject
Project("{FAE04EC0-301F-11D3-BF4B-00C04F79EFBC}") = "App1", "App1\App1\App1.csproj", "{49BA0236-74F2-40F4-BB32-6C0FE52A21BA}"
EndProject
Global
	GlobalSection(SolutionConfigurationPlatforms) = preSolution
		Ad-Hoc|Any CPU = Ad-Hoc|Any CPU
		Ad-Hoc|iPhone = Ad-Hoc|iPhone
		Ad-Hoc|iPhoneSimulator = Ad-Hoc|iPhoneSimulator
		AppStore|Any CPU = AppStore|Any CPU
		AppStore|iPhone = AppStore|iPhone
		AppStore|iPhoneSimulator = AppStore|iPhoneSimulator
		Debug|Any CPU = Debug|Any CPU
		Debug|iPhone = Debug|iPhone
		Debug|iPhoneSimulator = Debug|iPhoneSimulator
		Release|Any CPU = Release|Any CPU
		Release|iPhone = Release|iPhone
		Release|iPhoneSimulator = Release|iPhoneSimulator
	EndGlobalSection
	GlobalSection(ProjectConfigurationPlatforms) = postSolution
		{3F5A885D-2937-46C0-B542-7B73452D8BBA}.Ad-Hoc|Any CPU.ActiveCfg = Release|Any CPU
		{3F5A885D-2937-46C0-B542-7B73452D8BBA}.Ad-Hoc|Any CPU.Build.0 = Release|Any CPU
		{3F5A885D-2937-46C0-B542-7B73452D8BBA}.Ad-Hoc|Any CPU.Deploy.0 = Release|Any CPU
		{3F5A885D-2937-46C0-B542-7B73452D8BBA}.Ad-Hoc|iPhone.ActiveCfg = Release|Any CPU
		{3F5A885D-2937-46C0-B542-7B73452D8BBA}.Ad-Hoc|iPhone.Build.0 = Release|Any CPU
		{3F5A885D-2937-46C0-B542-7B73452D8BBA}.Ad-Hoc|iPhone.Deploy.0 = Release|Any CPU
		{3F5A885D-2937-46C0-B542-7B73452D8BBA}.Ad-Hoc|iPhoneSimulator.ActiveCfg = Release|Any CPU
		{3F5A885D-2937-46C0-B542-7B73452D8BBA}.Ad-Hoc|iPhoneSimulator.Build.0 = Release|Any CPU
		{3F5A885D-2937-46C0-B542-7B73452D8BBA}.Ad-Hoc|iPhoneSimulator.Deploy.0 = Release|Any CPU
		{3F5A885D-2937-46C0-B542-7B73452D8BBA}.AppStore|Any CPU.ActiveCfg = Release|Any CPU
		{3F5A885D-2937-46C0-B542-7B73452D8BBA}.AppStore|Any CPU.Build.0 = Release|Any CPU
		{3F5A885D-2937-46C0-B542-7B73452D8BBA}.AppStore|Any CPU.Deploy.0 = Release|Any CPU
		{3F5A885D-2937-46C0-B542-7B73452D8BBA}.AppStore|iPhone.ActiveCfg = Release|Any CPU
		{3F5A885D-2937-46C0-B542-7B73452D8BBA}.AppStore|iPhone.Build.0 = Release|Any CPU
		{3F5A885D-2937-46C0-B542-7B73452D8BBA}.AppStore|iPhone.Deploy.0 = Release|Any CPU
		{3F5A885D-2937-46C0-B542-7B73452D8BBA}.AppStore|iPhoneSimulator.ActiveCfg = Release|Any CPU
		{3F5A885D-2937-46C0-B542-7B73452D8BBA}.AppStore|iPhoneSimulator.Build.0 = Release|Any CPU
		{3F5A885D-2937-46C0-B542-7B73452D8BBA}.AppStore|iPhoneSimulator.Deploy.0 = Release|Any CPU
		{3F5A885D-2937-46C0-B542-7B73452D8BBA}.Debug|Any CPU.ActiveCfg = Debug|Any CPU
		{3F5A885D-2937-46C0-B542-7B73452D8BBA}.Debug|Any CPU.Build.0 = Debug|Any CPU
		{3F5A885D-2937-46C0-B542-7B73452D8BBA}.Debug|Any CPU.Deploy.0 = Debug|Any CPU
		{3F5A885D-2937-46C0-B542-7B73452D8BBA}.Debug|iPhone.ActiveCfg = Debug|Any CPU
		{3F5A885D-2937-46C0-B542-7B73452D8BBA}.Debug|iPhone.Build.0 = Debug|Any CPU
		{3F5A885D-2937-46C0-B542-7B73452D8BBA}.Debug|iPhone.Deploy.0 = Debug|Any CPU
		{3F5A885D-2937-46C0-B542-7B73452D8BBA}.Debug|iPhoneSimulator.ActiveCfg = Debug|Any CPU
		{3F5A885D-2937-46C0-B542-7B73452D8BBA}.Debug|iPhoneSimulator.Build.0 = Debug|Any CPU
		{3F5A885D-2937-46C0-B542-7B73452D8BBA}.Debug|iPhoneSimulator.Deploy.0 = Debug|Any CPU
		{3F5A885D-2937-46C0-B542-7B73452D8BBA}.Release|Any CPU.ActiveCfg = Release|Any CPU
		{3F5A885D-2937-46C0-B542-7B73452D8BBA}.Release|Any CPU.Build.0 = Release|Any CPU
		{3F5A885D-2937-46C0-B542-7B73452D8BBA}.Release|Any CPU.Deploy.0 = Release|Any CPU
		{3F5A885D-2937-46C0-B542-7B73452D8BBA}.Release|iPhone.ActiveCfg = Release|Any CPU
		{3F5A885D-2937-46C0-B542-7B73452D8BBA}.Release|iPhone.Build.0 = Release|Any CPU
		{3F5A885D-2937-46C0-B542-7B73452D8BBA}.Release|iPhone.Deploy.0 = Release|Any CPU
		{3F5A885D-2937-46C0-B542-7B73452D8BBA}.Release|iPhoneSimulator.ActiveCfg = Release|Any CPU
		{3F5A885D-2937-46C0-B542-7B73452D8BBA}.Release|iPhoneSimulator.Build.0 = Release|Any CPU
		{3F5A885D-2937-46C0-B542-7B73452D8BBA}.Release|iPhoneSimulator.Deploy.0 = Release|Any CPU
		{A8256A89-5439-49BE-B522-B7AC8B9A86DA}.Ad-Hoc|Any CPU.ActiveCfg = Ad-Hoc|iPhone
		{A8256A89-5439-49BE-B522-B7AC8B9A86DA}.Ad-Hoc|Any CPU.Build.0 = Ad-Hoc|iPhone
		{A8256A89-5439-49BE-B522-B7AC8B9A86DA}.Ad-Hoc|Any CPU.Deploy.0 = Ad-Hoc|iPhone
		{A8256A89-5439-49BE-B522-B7AC8B9A86DA}.Ad-Hoc|iPhone.ActiveCfg = Ad-Hoc|iPhone
		{A8256A89-5439-49BE-B522-B7AC8B9A86DA}.Ad-Hoc|iPhone.Build.0 = Ad-Hoc|iPhone
		{A8256A89-5439-49BE-B522-B7AC8B9A86DA}.Ad-Hoc|iPhone.Deploy.0 = Ad-Hoc|iPhone
		{A8256A89-5439-49BE-B522-B7AC8B9A86DA}.Ad-Hoc|iPhoneSimulator.ActiveCfg = Ad-Hoc|iPhoneSimulator
		{A8256A89-5439-49BE-B522-B7AC8B9A86DA}.Ad-Hoc|iPhoneSimulator.Build.0 = Ad-Hoc|iPhoneSimulator
		{A8256A89-5439-49BE-B522-B7AC8B9A86DA}.Ad-Hoc|iPhoneSimulator.Deploy.0 = Ad-Hoc|iPhoneSimulator
		{A8256A89-5439-49BE-B522-B7AC8B9A86DA}.AppStore|Any CPU.ActiveCfg = AppStore|iPhone
		{A8256A89-5439-49BE-B522-B7AC8B9A86DA}.AppStore|Any CPU.Build.0 = AppStore|iPhone
		{A8256A89-5439-49BE-B522-B7AC8B9A86DA}.AppStore|Any CPU.Deploy.0 = AppStore|iPhone
		{A8256A89-5439-49BE-B522-B7AC8B9A86DA}.AppStore|iPhone.ActiveCfg = AppStore|iPhone
		{A8256A89-5439-49BE-B522-B7AC8B9A86DA}.AppStore|iPhone.Build.0 = AppStore|iPhone
		{A8256A89-5439-49BE-B522-B7AC8B9A86DA}.AppStore|iPhone.Deploy.0 = AppStore|iPhone
		{A8256A89-5439-49BE-B522-B7AC8B9A86DA}.AppStore|iPhoneSimulator.ActiveCfg = AppStore|iPhoneSimulator
		{A8256A89-5439-49BE-B522-B7AC8B9A86DA}.AppStore|iPhoneSimulator.Build.0 = AppStore|iPhoneSimulator
		{A8256A89-5439-49BE-B522-B7AC8B9A86DA}.AppStore|iPhoneSimulator.Deploy.0 = AppStore|iPhoneSimulator
		{A8256A89-5439-49BE-B522-B7AC8B9A86DA}.Debug|Any CPU.ActiveCfg = Debug|iPhoneSimulator
		{A8256A89-5439-49BE-B522-B7AC8B9A86DA}.Debug|Any CPU.Build.0 = Debug|iPhoneSimulator
		{A8256A89-5439-49BE-B522-B7AC8B9A86DA}.Debug|Any CPU.Deploy.0 = Debug|iPhoneSimulator
		{A8256A89-5439-49BE-B522-B7AC8B9A86DA}.Debug|iPhone.ActiveCfg = Debug|iPhone
		{A8256A89-5439-49BE-B522-B7AC8B9A86DA}.Debug|iPhone.Build.0 = Debug|iPhone
		{A8256A89-5439-49BE-B522-B7AC8B9A86DA}.Debug|iPhone.Deploy.0 = Debug|iPhone
		{A8256A89-5439-49BE-B522-B7AC8B9A86DA}.Debug|iPhoneSimulator.ActiveCfg = Debug|iPhoneSimulator
		{A8256A89-5439-49BE-B522-B7AC8B9A86DA}.Debug|iPhoneSimulator.Build.0 = Debug|iPhoneSimulator
		{A8256A89-5439-49BE-B522-B7AC8B9A86DA}.Debug|iPhoneSimulator.Deploy.0 = Debug|iPhoneSimulator
		{A8256A89-5439-49BE-B522-B7AC8B9A86DA}.Release|Any CPU.ActiveCfg = Release|iPhone
		{A8256A89-5439-49BE-B522-B7AC8B9A86DA}.Release|Any CPU.Build.0 = Release|iPhone
		{A8256A89-5439-49BE-B522-B7AC8B9A86DA}.Release|Any CPU.Deploy.0 = Release|iPhone
		{A8256A89-5439-49BE-B522-B7AC8B9A86DA}.Release|iPhone.ActiveCfg = Release|iPhone
		{A8256A89-5439-49BE-B522-B7AC8B9A86DA}.Release|iPhone.Build.0 = Release|iPhone
		{A8256A89-5439-49BE-B522-B7AC8B9A86DA}.Release|iPhone.Deploy.0 = Release|iPhone
		{A8256A89-5439-49BE-B522-B7AC8B9A86DA}.Release|iPhoneSimulator.ActiveCfg = Release|iPhoneSimulator
		{A8256A89-5439-49BE-B522-B7AC8B9A86DA}.Release|iPhoneSimulator.Build.0 = Release|iPhoneSimulator
		{A8256A89-5439-49BE-B522-B7AC8B9A86DA}.Release|iPhoneSimulator.Deploy.0 = Release|iPhoneSimulator
		{49BA0236-74F2-40F4-BB32-6C0FE52A21BA}.Ad-Hoc|Any CPU.ActiveCfg = Debug|Any CPU
		{49BA0236-74F2-40F4-BB32-6C0FE52A21BA}.Ad-Hoc|Any CPU.Build.0 = Debug|Any CPU
		{49BA0236-74F2-40F4-BB32-6C0FE52A21BA}.Ad-Hoc|Any CPU.Deploy.0 = Debug|Any CPU
		{49BA0236-74F2-40F4-BB32-6C0FE52A21BA}.Ad-Hoc|iPhone.ActiveCfg = Debug|Any CPU
		{49BA0236-74F2-40F4-BB32-6C0FE52A21BA}.Ad-Hoc|iPhone.Build.0 = Debug|Any CPU
		{49BA0236-74F2-40F4-BB32-6C0FE52A21BA}.Ad-Hoc|iPhone.Deploy.0 = Debug|Any CPU
		{49BA0236-74F2-40F4-BB32-6C0FE52A21BA}.Ad-Hoc|iPhoneSimulator.ActiveCfg = Debug|Any CPU
		{49BA0236-74F2-40F4-BB32-6C0FE52A21BA}.Ad-Hoc|iPhoneSimulator.Build.0 = Debug|Any CPU
		{49BA0236-74F2-40F4-BB32-6C0FE52A21BA}.Ad-Hoc|iPhoneSimulator.Deploy.0 = Debug|Any CPU
		{49BA0236-74F2-40F4-BB32-6C0FE52A21BA}.AppStore|Any CPU.ActiveCfg = Debug|Any CPU
		{49BA0236-74F2-40F4-BB32-6C0FE52A21BA}.AppStore|Any CPU.Build.0 = Debug|Any CPU
		{49BA0236-74F2-40F4-BB32-6C0FE52A21BA}.AppStore|Any CPU.Deploy.0 = Debug|Any CPU
		{49BA0236-74F2-40F4-BB32-6C0FE52A21BA}.AppStore|iPhone.ActiveCfg = Debug|Any CPU
		{49BA0236-74F2-40F4-BB32-6C0FE52A21BA}.AppStore|iPhone.Build.0 = Debug|Any CPU
		{49BA0236-74F2-40F4-BB32-6C0FE52A21BA}.AppStore|iPhone.Deploy.0 = Debug|Any CPU
		{49BA0236-74F2-40F4-BB32-6C0FE52A21BA}.AppStore|iPhoneSimulator.ActiveCfg = Debug|Any CPU
		{49BA0236-74F2-40F4-BB32-6C0FE52A21BA}.AppStore|iPhoneSimulator.Build.0 = Debug|Any CPU
		{49BA0236-74F2-40F4-BB32-6C0FE52A21BA}.AppStore|iPhoneSimulator.Deploy.0 = Debug|Any CPU
		{49BA0236-74F2-40F4-BB32-6C0FE52A21BA}.Debug|Any CPU.ActiveCfg = Debug|Any CPU
		{49BA0236-74F2-40F4-BB32-6C0FE52A21BA}.Debug|Any CPU.Build.0 = Debug|Any CPU
		{49BA0236-74F2-40F4-BB32-6C0FE52A21BA}.Debug|Any CPU.Deploy.0 = Debug|Any CPU
		{49BA0236-74F2-40F4-BB32-6C0FE52A21BA}.Debug|iPhone.ActiveCfg = Debug|Any CPU
		{49BA0236-74F2-40F4-BB32-6C0FE52A21BA}.Debug|iPhone.Build.0 = Debug|Any CPU
		{49BA0236-74F2-40F4-BB32-6C0FE52A21BA}.Debug|iPhone.Deploy.0 = Debug|Any CPU
		{49BA0236-74F2-40F4-BB32-6C0FE52A21BA}.Debug|iPhoneSimulator.ActiveCfg = Debug|Any CPU
		{49BA0236-74F2-40F4-BB32-6C0FE52A21BA}.Debug|iPhoneSimulator.Build.0 = Debug|Any CPU
		{49BA0236-74F2-40F4-BB32-6C0FE52A21BA}.Debug|iPhoneSimulator.Deploy.0 = Debug|Any CPU
		{49BA0236-74F2-40F4-BB32-6C0FE52A21BA}.Release|Any CPU.ActiveCfg = Release|Any CPU
		{49BA0236-74F2-40F4-BB32-6C0FE52A21BA}.Release|Any CPU.Build.0 = Release|Any CPU
		{49BA0236-74F2-40F4-BB32-6C0FE52A21BA}.Release|Any CPU.Deploy.0 = Release|Any CPU
		{49BA0236-74F2-40F4-BB32-6C0FE52A21BA}.Release|iPhone.ActiveCfg = Release|Any CPU
		{49BA0236-74F2-40F4-BB32-6C0FE52A21BA}.Release|iPhone.Build.0 = Release|Any CPU
		{49BA0236-74F2-40F4-BB32-6C0FE52A21BA}.Release|iPhone.Deploy.0 = Release|Any CPU
		{49BA0236-74F2-40F4-BB32-6C0FE52A21BA}.Release|iPhoneSimulator.ActiveCfg = Release|Any CPU
		{49BA0236-74F2-40F4-BB32-6C0FE52A21BA}.Release|iPhoneSimulator.Build.0 = Release|Any CPU
		{49BA0236-74F2-40F4-BB32-6C0FE52A21BA}.Release|iPhoneSimulator.Deploy.0 = Release|Any CPU
	EndGlobalSection
	GlobalSection(SolutionProperties) = preSolution
		HideSolutionNode = FALSE
	EndGlobalSection
	GlobalSection(ExtensibilityGlobals) = postSolution
		SolutionGuid = {A38BD449-A8B0-4713-B897-3195FB969423}
	EndGlobalSection
EndGlobal
